
Microsoft Visual Studio Solution File, Format Version 12.00
# Visual Studio Version 16
VisualStudioVersion = 16.0.30621.155
MinimumVisualStudioVersion = 10.0.40219.1
Project("{FAE04EC0-301F-11D3-BF4B-00C04F79EFBC}") = "WindowsFormsApp1", "WindowsFormsApp1.csproj", "{B4CD60F4-95A4-47A5-A416-849A7BFB1929}"
EndProject
Global
	GlobalSection(SolutionConfigurationPlatforms) = preSolution
		Debug|Any CPU = Debug|Any CPU
		Release|Any CPU = Release|Any CPU
	EndGlobalSection
	GlobalSection(ProjectConfigurationPlatforms) = postSolution
		{B4CD60F4-95A4-47A5-A416-849A7BFB1929}.Debug|Any CPU.ActiveCfg = Debug|Any CPU
		{B4CD60F4-95A4-47A5-A416-849A7BFB1929}.Debug|Any CPU.Build.0 = Debug|Any CPU
		{B4CD60F4-95A4-47A5-A416-849A7BFB1929}.Release|Any CPU.ActiveCfg = Release|Any CPU
		{B4CD60F4-95A4-47A5-A416-849A7BFB1929}.Release|Any CPU.Build.0 = Release|Any CPU
	EndGlobalSection
	GlobalSection(SolutionProperties) = preSolution
		HideSolutionNode = FALSE
	EndGlobalSection
	GlobalSection(ExtensibilityGlobals) = postSolution
		SolutionGuid = {66CF446D-F096-49F1-9354-B4E900063A1E}
	EndGlobalSection
EndGlobal
