
Microsoft Visual Studio Solution File, Format Version 12.00
# Visual Studio Version 16
VisualStudioVersion = 16.0.30621.155
MinimumVisualStudioVersion = 10.0.40219.1
Project("{FAE04EC0-301F-11D3-BF4B-00C04F79EFBC}") = "pr2", "pr2.csproj", "{278EBA1D-5B63-4078-AC9C-C7721FA440A5}"
EndProject
Project("{FAE04EC0-301F-11D3-BF4B-00C04F79EFBC}") = "ClassLibrary", "..\ClassLibrary\ClassLibrary.csproj", "{F9D9F542-ED93-4784-8537-25CC51DCFF78}"
EndProject
Global
	GlobalSection(SolutionConfigurationPlatforms) = preSolution
		Debug|Any CPU = Debug|Any CPU
		Release|Any CPU = Release|Any CPU
	EndGlobalSection
	GlobalSection(ProjectConfigurationPlatforms) = postSolution
		{278EBA1D-5B63-4078-AC9C-C7721FA440A5}.Debug|Any CPU.ActiveCfg = Debug|Any CPU
		{278EBA1D-5B63-4078-AC9C-C7721FA440A5}.Debug|Any CPU.Build.0 = Debug|Any CPU
		{278EBA1D-5B63-4078-AC9C-C7721FA440A5}.Release|Any CPU.ActiveCfg = Release|Any CPU
		{278EBA1D-5B63-4078-AC9C-C7721FA440A5}.Release|Any CPU.Build.0 = Release|Any CPU
		{F9D9F542-ED93-4784-8537-25CC51DCFF78}.Debug|Any CPU.ActiveCfg = Debug|Any CPU
		{F9D9F542-ED93-4784-8537-25CC51DCFF78}.Debug|Any CPU.Build.0 = Debug|Any CPU
		{F9D9F542-ED93-4784-8537-25CC51DCFF78}.Release|Any CPU.ActiveCfg = Release|Any CPU
		{F9D9F542-ED93-4784-8537-25CC51DCFF78}.Release|Any CPU.Build.0 = Release|Any CPU
	EndGlobalSection
	GlobalSection(SolutionProperties) = preSolution
		HideSolutionNode = FALSE
	EndGlobalSection
	GlobalSection(ExtensibilityGlobals) = postSolution
		SolutionGuid = {5C7BF7CA-22AD-4F6F-89AD-07D894583E6D}
	EndGlobalSection
EndGlobal
